
Microsoft Visual Studio Solution File, Format Version 12.00
# Visual Studio Version 17
VisualStudioVersion = 17.0.32126.317
MinimumVisualStudioVersion = 10.0.40219.1
Project("{FAE04EC0-301F-11D3-BF4B-00C04F79EFBC}") = "Shopping.Web", "Shopping.Web\Shopping.Web.csproj", "{2D74D74D-9402-4DF6-AE10-4057A02A5B8A}"
EndProject
Project("{FAE04EC0-301F-11D3-BF4B-00C04F79EFBC}") = "Shooping.Common", "Shooping.Common\Shooping.Common.csproj", "{5AE77B86-0672-4E91-BA4D-8A0F25E9606C}"
EndProject
Global
	GlobalSection(SolutionConfigurationPlatforms) = preSolution
		Debug|Any CPU = Debug|Any CPU
		Release|Any CPU = Release|Any CPU
	EndGlobalSection
	GlobalSection(ProjectConfigurationPlatforms) = postSolution
		{2D74D74D-9402-4DF6-AE10-4057A02A5B8A}.Debug|Any CPU.ActiveCfg = Debug|Any CPU
		{2D74D74D-9402-4DF6-AE10-4057A02A5B8A}.Debug|Any CPU.Build.0 = Debug|Any CPU
		{2D74D74D-9402-4DF6-AE10-4057A02A5B8A}.Release|Any CPU.ActiveCfg = Release|Any CPU
		{2D74D74D-9402-4DF6-AE10-4057A02A5B8A}.Release|Any CPU.Build.0 = Release|Any CPU
		{5AE77B86-0672-4E91-BA4D-8A0F25E9606C}.Debug|Any CPU.ActiveCfg = Debug|Any CPU
		{5AE77B86-0672-4E91-BA4D-8A0F25E9606C}.Debug|Any CPU.Build.0 = Debug|Any CPU
		{5AE77B86-0672-4E91-BA4D-8A0F25E9606C}.Release|Any CPU.ActiveCfg = Release|Any CPU
		{5AE77B86-0672-4E91-BA4D-8A0F25E9606C}.Release|Any CPU.Build.0 = Release|Any CPU
	EndGlobalSection
	GlobalSection(SolutionProperties) = preSolution
		HideSolutionNode = FALSE
	EndGlobalSection
	GlobalSection(ExtensibilityGlobals) = postSolution
		SolutionGuid = {34B0A860-9A02-409E-964F-1323E0E99565}
	EndGlobalSection
EndGlobal
